// !$*UTF8*$!
{
	archiveVersion = 1;
	classes = {
	};
	objectVersion = 46;
	objects = {

/* Begin PBXBuildFile section */
		FCBE97A01B0535FB0022E22A /* AppDelegate.swift in Sources */ = {isa = PBXBuildFile; fileRef = FCBE979F1B0535FB0022E22A /* AppDelegate.swift */; };
		FCBE97A21B0535FB0022E22A /* RollViewController.swift in Sources */ = {isa = PBXBuildFile; fileRef = FCBE97A11B0535FB0022E22A /* RollViewController.swift */; };
		FCBE97A51B0535FB0022E22A /* Main.storyboard in Resources */ = {isa = PBXBuildFile; fileRef = FCBE97A31B0535FB0022E22A /* Main.storyboard */; };
		FCBE97A71B0535FB0022E22A /* Images.xcassets in Resources */ = {isa = PBXBuildFile; fileRef = FCBE97A61B0535FB0022E22A /* Images.xcassets */; };
		FCBE97AA1B0535FB0022E22A /* LaunchScreen.xib in Resources */ = {isa = PBXBuildFile; fileRef = FCBE97A81B0535FB0022E22A /* LaunchScreen.xib */; };
		FCBE97B61B0535FB0022E22A /* Dice_RollTests.swift in Sources */ = {isa = PBXBuildFile; fileRef = FCBE97B51B0535FB0022E22A /* Dice_RollTests.swift */; };
		FCBE97C01B0539D00022E22A /* DiceViewController.swift in Sources */ = {isa = PBXBuildFile; fileRef = FCBE97BF1B0539D00022E22A /* DiceViewController.swift */; };
/* End PBXBuildFile section */

/* Begin PBXContainerItemProxy section */
		FCBE97B01B0535FB0022E22A /* PBXContainerItemProxy */ = {
			isa = PBXContainerItemProxy;
			containerPortal = FCBE97921B0535FB0022E22A /* Project object */;
			proxyType = 1;
			remoteGlobalIDString = FCBE97991B0535FB0022E22A;
			remoteInfo = "Dice Roll";
		};
/* End PBXContainerItemProxy section */

/* Begin PBXFileReference section */
		FCBE979A1B0535FB0022E22A /* Dice Roll.app */ = {isa = PBXFileReference; explicitFileType = wrapper.application; includeInIndex = 0; path = "Dice Roll.app"; sourceTree = BUILT_PRODUCTS_DIR; };
		FCBE979E1B0535FB0022E22A /* Info.plist */ = {isa = PBXFileReference; lastKnownFileType = text.plist.xml; path = Info.plist; sourceTree = "<group>"; };
		FCBE979F1B0535FB0022E22A /* AppDelegate.swift */ = {isa = PBXFileReference; lastKnownFileType = sourcecode.swift; path = AppDelegate.swift; sourceTree = "<group>"; };
		FCBE97A11B0535FB0022E22A /* RollViewController.swift */ = {isa = PBXFileReference; lastKnownFileType = sourcecode.swift; path = RollViewController.swift; sourceTree = "<group>"; };
		FCBE97A41B0535FB0022E22A /* Base */ = {isa = PBXFileReference; lastKnownFileType = file.storyboard; name = Base; path = Base.lproj/Main.storyboard; sourceTree = "<group>"; };
		FCBE97A61B0535FB0022E22A /* Images.xcassets */ = {isa = PBXFileReference; lastKnownFileType = folder.assetcatalog; path = Images.xcassets; sourceTree = "<group>"; };
		FCBE97A91B0535FB0022E22A /* Base */ = {isa = PBXFileReference; lastKnownFileType = file.xib; name = Base; path = Base.lproj/LaunchScreen.xib; sourceTree = "<group>"; };
		FCBE97AF1B0535FB0022E22A /* Dice RollTests.xctest */ = {isa = PBXFileReference; explicitFileType = wrapper.cfbundle; includeInIndex = 0; path = "Dice RollTests.xctest"; sourceTree = BUILT_PRODUCTS_DIR; };
		FCBE97B41B0535FB0022E22A /* Info.plist */ = {isa = PBXFileReference; lastKnownFileType = text.plist.xml; path = Info.plist; sourceTree = "<group>"; };
		FCBE97B51B0535FB0022E22A /* Dice_RollTests.swift */ = {isa = PBXFileReference; lastKnownFileType = sourcecode.swift; path = Dice_RollTests.swift; sourceTree = "<group>"; };
		FCBE97BF1B0539D00022E22A /* DiceViewController.swift */ = {isa = PBXFileReference; fileEncoding = 4; lastKnownFileType = sourcecode.swift; path = DiceViewController.swift; sourceTree = "<group>"; };
/* End PBXFileReference section */

/* Begin PBXFrameworksBuildPhase section */
		FCBE97971B0535FB0022E22A /* Frameworks */ = {
			isa = PBXFrameworksBuildPhase;
			buildActionMask = 2147483647;
			files = (
			);
			runOnlyForDeploymentPostprocessing = 0;
		};
		FCBE97AC1B0535FB0022E22A /* Frameworks */ = {
			isa = PBXFrameworksBuildPhase;
			buildActionMask = 2147483647;
			files = (
			);
			runOnlyForDeploymentPostprocessing = 0;
		};
/* End PBXFrameworksBuildPhase section */

/* Begin PBXGroup section */
		FCBE97911B0535FB0022E22A = {
			isa = PBXGroup;
			children = (
				FCBE979C1B0535FB0022E22A /* Dice Roll */,
				FCBE97B21B0535FB0022E22A /* Dice RollTests */,
				FCBE979B1B0535FB0022E22A /* Products */,
			);
			sourceTree = "<group>";
		};
		FCBE979B1B0535FB0022E22A /* Products */ = {
			isa = PBXGroup;
			children = (
				FCBE979A1B0535FB0022E22A /* Dice Roll.app */,
				FCBE97AF1B0535FB0022E22A /* Dice RollTests.xctest */,
			);
			name = Products;
			sourceTree = "<group>";
		};
		FCBE979C1B0535FB0022E22A /* Dice Roll */ = {
			isa = PBXGroup;
			children = (
				FCBE979F1B0535FB0022E22A /* AppDelegate.swift */,
				FCBE97BF1B0539D00022E22A /* DiceViewController.swift */,
				FCBE97A11B0535FB0022E22A /* RollViewController.swift */,
				FCBE97A31B0535FB0022E22A /* Main.storyboard */,
				FCBE97A61B0535FB0022E22A /* Images.xcassets */,
				FCBE97A81B0535FB0022E22A /* LaunchScreen.xib */,
				FCBE979D1B0535FB0022E22A /* Supporting Files */,
			);
			path = "Dice Roll";
			sourceTree = "<group>";
		};
		FCBE979D1B0535FB0022E22A /* Supporting Files */ = {
			isa = PBXGroup;
			children = (
				FCBE979E1B0535FB0022E22A /* Info.plist */,
			);
			name = "Supporting Files";
			sourceTree = "<group>";
		};
		FCBE97B21B0535FB0022E22A /* Dice RollTests */ = {
			isa = PBXGroup;
			children = (
				FCBE97B51B0535FB0022E22A /* Dice_RollTests.swift */,
				FCBE97B31B0535FB0022E22A /* Supporting Files */,
			);
			path = "Dice RollTests";
			sourceTree = "<group>";
		};
		FCBE97B31B0535FB0022E22A /* Supporting Files */ = {
			isa = PBXGroup;
			children = (
				FCBE97B41B0535FB0022E22A /* Info.plist */,
			);
			name = "Supporting Files";
			sourceTree = "<group>";
		};
/* End PBXGroup section */

/* Begin PBXNativeTarget section */
		FCBE97991B0535FB0022E22A /* Dice Roll */ = {
			isa = PBXNativeTarget;
			buildConfigurationList = FCBE97B91B0535FB0022E22A /* Build configuration list for PBXNativeTarget "Dice Roll" */;
			buildPhases = (
				FCBE97961B0535FB0022E22A /* Sources */,
				FCBE97971B0535FB0022E22A /* Frameworks */,
				FCBE97981B0535FB0022E22A /* Resources */,
			);
			buildRules = (
			);
			dependencies = (
			);
			name = "Dice Roll";
			productName = "Dice Roll";
			productReference = FCBE979A1B0535FB0022E22A /* Dice Roll.app */;
			productType = "com.apple.product-type.application";
		};
		FCBE97AE1B0535FB0022E22A /* Dice RollTests */ = {
			isa = PBXNativeTarget;
			buildConfigurationList = FCBE97BC1B0535FB0022E22A /* Build configuration list for PBXNativeTarget "Dice RollTests" */;
			buildPhases = (
				FCBE97AB1B0535FB0022E22A /* Sources */,
				FCBE97AC1B0535FB0022E22A /* Frameworks */,
				FCBE97AD1B0535FB0022E22A /* Resources */,
			);
			buildRules = (
			);
			dependencies = (
				FCBE97B11B0535FB0022E22A /* PBXTargetDependency */,
			);
			name = "Dice RollTests";
			productName = "Dice RollTests";
			productReference = FCBE97AF1B0535FB0022E22A /* Dice RollTests.xctest */;
			productType = "com.apple.product-type.bundle.unit-test";
		};
/* End PBXNativeTarget section */

/* Begin PBXProject section */
		FCBE97921B0535FB0022E22A /* Project object */ = {
			isa = PBXProject;
			attributes = {
				LastUpgradeCheck = 0630;
				ORGANIZATIONNAME = "JonGor Software";
				TargetAttributes = {
					FCBE97991B0535FB0022E22A = {
						CreatedOnToolsVersion = 6.3.1;
					};
					FCBE97AE1B0535FB0022E22A = {
						CreatedOnToolsVersion = 6.3.1;
						TestTargetID = FCBE97991B0535FB0022E22A;
					};
				};
			};
			buildConfigurationList = FCBE97951B0535FB0022E22A /* Build configuration list for PBXProject "Dice Roll" */;
			compatibilityVersion = "Xcode 3.2";
			developmentRegion = English;
			hasScannedForEncodings = 0;
			knownRegions = (
				en,
				Base,
			);
			mainGroup = FCBE97911B0535FB0022E22A;
			productRefGroup = FCBE979B1B0535FB0022E22A /* Products */;
			projectDirPath = "";
			projectRoot = "";
			targets = (
				FCBE97991B0535FB0022E22A /* Dice Roll */,
				FCBE97AE1B0535FB0022E22A /* Dice RollTests */,
			);
		};
/* End PBXProject section */

/* Begin PBXResourcesBuildPhase section */
		FCBE97981B0535FB0022E22A /* Resources */ = {
			isa = PBXResourcesBuildPhase;
			buildActionMask = 2147483647;
			files = (
				FCBE97A51B0535FB0022E22A /* Main.storyboard in Resources */,
				FCBE97AA1B0535FB0022E22A /* LaunchScreen.xib in Resources */,
				FCBE97A71B0535FB0022E22A /* Images.xcassets in Resources */,
			);
			runOnlyForDeploymentPostprocessing = 0;
		};
		FCBE97AD1B0535FB0022E22A /* Resources */ = {
			isa = PBXResourcesBuildPhase;
			buildActionMask = 2147483647;
			files = (
			);
			runOnlyForDeploymentPostprocessing = 0;
		};
/* End PBXResourcesBuildPhase section */

/* Begin PBXSourcesBuildPhase section */
		FCBE97961B0535FB0022E22A /* Sources */ = {
			isa = PBXSourcesBuildPhase;
			buildActionMask = 2147483647;
			files = (
				FCBE97A21B0535FB0022E22A /* RollViewController.swift in Sources */,
				FCBE97C01B0539D00022E22A /* DiceViewController.swift in Sources */,
				FCBE97A01B0535FB0022E22A /* AppDelegate.swift in Sources */,
			);
			runOnlyForDeploymentPostprocessing = 0;
		};
		FCBE97AB1B0535FB0022E22A /* Sources */ = {
			isa = PBXSourcesBuildPhase;
			buildActionMask = 2147483647;
			files = (
				FCBE97B61B0535FB0022E22A /* Dice_RollTests.swift in Sources */,
			);
			runOnlyForDeploymentPostprocessing = 0;
		};
/* End PBXSourcesBuildPhase section */

/* Begin PBXTargetDependency section */
		FCBE97B11B0535FB0022E22A /* PBXTargetDependency */ = {
			isa = PBXTargetDependency;
			target = FCBE97991B0535FB0022E22A /* Dice Roll */;
			targetProxy = FCBE97B01B0535FB0022E22A /* PBXContainerItemProxy */;
		};
/* End PBXTargetDependency section */

/* Begin PBXVariantGroup section */
		FCBE97A31B0535FB0022E22A /* Main.storyboard */ = {
			isa = PBXVariantGroup;
			children = (
				FCBE97A41B0535FB0022E22A /* Base */,
			);
			name = Main.storyboard;
			sourceTree = "<group>";
		};
		FCBE97A81B0535FB0022E22A /* LaunchScreen.xib */ = {
			isa = PBXVariantGroup;
			children = (
				FCBE97A91B0535FB0022E22A /* Base */,
			);
			name = LaunchScreen.xib;
			sourceTree = "<group>";
		};
/* End PBXVariantGroup section */

/* Begin XCBuildConfiguration section */
		FCBE97B71B0535FB0022E22A /* Debug */ = {
			isa = XCBuildConfiguration;
			buildSettings = {
				ALWAYS_SEARCH_USER_PATHS = NO;
				CLANG_CXX_LANGUAGE_STANDARD = "gnu++0x";
				CLANG_CXX_LIBRARY = "libc++";
				CLANG_ENABLE_MODULES = YES;
				CLANG_ENABLE_OBJC_ARC = YES;
				CLANG_WARN_BOOL_CONVERSION = YES;
				CLANG_WARN_CONSTANT_CONVERSION = YES;
				CLANG_WARN_DIRECT_OBJC_ISA_USAGE = YES_ERROR;
				CLANG_WARN_EMPTY_BODY = YES;
				CLANG_WARN_ENUM_CONVERSION = YES;
				CLANG_WARN_INT_CONVERSION = YES;
				CLANG_WARN_OBJC_ROOT_CLASS = YES_ERROR;
				CLANG_WARN_UNREACHABLE_CODE = YES;
				CLANG_WARN__DUPLICATE_METHOD_MATCH = YES;
				"CODE_SIGN_IDENTITY[sdk=iphoneos*]" = "iPhone Developer";
				COPY_PHASE_STRIP = NO;
				DEBUG_INFORMATION_FORMAT = "dwarf-with-dsym";
				ENABLE_STRICT_OBJC_MSGSEND = YES;
				GCC_C_LANGUAGE_STANDARD = gnu99;
				GCC_DYNAMIC_NO_PIC = NO;
				GCC_NO_COMMON_BLOCKS = YES;
				GCC_OPTIMIZATION_LEVEL = 0;
				GCC_PREPROCESSOR_DEFINITIONS = (
					"DEBUG=1",
					"$(inherited)",
				);
				GCC_SYMBOLS_PRIVATE_EXTERN = NO;
				GCC_WARN_64_TO_32_BIT_CONVERSION = YES;
				GCC_WARN_ABOUT_RETURN_TYPE = YES_ERROR;
				GCC_WARN_UNDECLARED_SELECTOR = YES;
				GCC_WARN_UNINITIALIZED_AUTOS = YES_AGGRESSIVE;
				GCC_WARN_UNUSED_FUNCTION = YES;
				GCC_WARN_UNUSED_VARIABLE = YES;
				IPHONEOS_DEPLOYMENT_TARGET = 8.3;
				MTL_ENABLE_DEBUG_INFO = YES;
				ONLY_ACTIVE_ARCH = YES;
				SDKROOT = iphoneos;
				SWIFT_OPTIMIZATION_LEVEL = "-Onone";
			};
			name = Debug;
		};
		FCBE97B81B0535FB0022E22A /* Release */ = {
			isa = XCBuildConfiguration;
			buildSettings = {
				ALWAYS_SEARCH_USER_PATHS = NO;
				CLANG_CXX_LANGUAGE_STANDARD = "gnu++0x";
				CLANG_CXX_LIBRARY = "libc++";
				CLANG_ENABLE_MODULES = YES;
				CLANG_ENABLE_OBJC_ARC = YES;
				CLANG_WARN_BOOL_CONVERSION = YES;
				CLANG_WARN_CONSTANT_CONVERSION = YES;
				CLANG_WARN_DIRECT_OBJC_ISA_USAGE = YES_ERROR;
				CLANG_WARN_EMPTY_BODY = YES;
				CLANG_WARN_ENUM_CONVERSION = YES;
				CLANG_WARN_INT_CONVERSION = YES;
				CLANG_WARN_OBJC_ROOT_CLASS = YES_ERROR;
				CLANG_WARN_UNREACHABLE_CODE = YES;
				CLANG_WARN__DUPLICATE_METHOD_MATCH = YES;
				"CODE_SIGN_IDENTITY[sdk=iphoneos*]" = "iPhone Developer";
				COPY_PHASE_STRIP = NO;
				DEBUG_INFORMATION_FORMAT = "dwarf-with-dsym";
				ENABLE_NS_ASSERTIONS = NO;
				ENABLE_STRICT_OBJC_MSGSEND = YES;
				GCC_C_LANGUAGE_STANDARD = gnu99;
				GCC_NO_COMMON_BLOCKS = YES;
				GCC_WARN_64_TO_32_BIT_CONVERSION = YES;
				GCC_WARN_ABOUT_RETURN_TYPE = YES_ERROR;
				GCC_WARN_UNDECLARED_SELECTOR = YES;
				GCC_WARN_UNINITIALIZED_AUTOS = YES_AGGRESSIVE;
				GCC_WARN_UNUSED_FUNCTION = YES;
				GCC_WARN_UNUSED_VARIABLE = YES;
				IPHONEOS_DEPLOYMENT_TARGET = 8.3;
				MTL_ENABLE_DEBUG_INFO = NO;
				SDKROOT = iphoneos;
				VALIDATE_PRODUCT = YES;
			};
			name = Release;
		};
		FCBE97BA1B0535FB0022E22A /* Debug */ = {
			isa = XCBuildConfiguration;
			buildSettings = {
				ASSETCATALOG_COMPILER_APPICON_NAME = AppIcon;
				INFOPLIST_FILE = "Dice Roll/Info.plist";
				LD_RUNPATH_SEARCH_PATHS = "$(inherited) @executable_path/Frameworks";
				PRODUCT_NAME = "$(TARGET_NAME)";
			};
			name = Debug;
		};
		FCBE97BB1B0535FB0022E22A /* Release */ = {
			isa = XCBuildConfiguration;
			buildSettings = {
				ASSETCATALOG_COMPILER_APPICON_NAME = AppIcon;
				INFOPLIST_FILE = "Dice Roll/Info.plist";
				LD_RUNPATH_SEARCH_PATHS = "$(inherited) @executable_path/Frameworks";
				PRODUCT_NAME = "$(TARGET_NAME)";
			};
			name = Release;
		};
		FCBE97BD1B0535FB0022E22A /* Debug */ = {
			isa = XCBuildConfiguration;
			buildSettings = {
				BUNDLE_LOADER = "$(TEST_HOST)";
				FRAMEWORK_SEARCH_PATHS = (
					"$(SDKROOT)/Developer/Library/Frameworks",
					"$(inherited)",
				);
				GCC_PREPROCESSOR_DEFINITIONS = (
					"DEBUG=1",
					"$(inherited)",
				);
				INFOPLIST_FILE = "Dice RollTests/Info.plist";
				LD_RUNPATH_SEARCH_PATHS = "$(inherited) @executable_path/Frameworks @loader_path/Frameworks";
				PRODUCT_NAME = "$(TARGET_NAME)";
				TEST_HOST = "$(BUILT_PRODUCTS_DIR)/Dice Roll.app/Dice Roll";
			};
			name = Debug;
		};
		FCBE97BE1B0535FB0022E22A /* Release */ = {
			isa = XCBuildConfiguration;
			buildSettings = {
				BUNDLE_LOADER = "$(TEST_HOST)";
				FRAMEWORK_SEARCH_PATHS = (
					"$(SDKROOT)/Developer/Library/Frameworks",
					"$(inherited)",
				);
				INFOPLIST_FILE = "Dice RollTests/Info.plist";
				LD_RUNPATH_SEARCH_PATHS = "$(inherited) @executable_path/Frameworks @loader_path/Frameworks";
				PRODUCT_NAME = "$(TARGET_NAME)";
				TEST_HOST = "$(BUILT_PRODUCTS_DIR)/Dice Roll.app/Dice Roll";
			};
			name = Release;
		};
/* End XCBuildConfiguration section */

/* Begin XCConfigurationList section */
		FCBE97951B0535FB0022E22A /* Build configuration list for PBXProject "Dice Roll" */ = {
			isa = XCConfigurationList;
			buildConfigurations = (
				FCBE97B71B0535FB0022E22A /* Debug */,
				FCBE97B81B0535FB0022E22A /* Release */,
			);
			defaultConfigurationIsVisible = 0;
			defaultConfigurationName = Release;
		};
		FCBE97B91B0535FB0022E22A /* Build configuration list for PBXNativeTarget "Dice Roll" */ = {
			isa = XCConfigurationList;
			buildConfigurations = (
				FCBE97BA1B0535FB0022E22A /* Debug */,
				FCBE97BB1B0535FB0022E22A /* Release */,
			);
			defaultConfigurationIsVisible = 0;
			defaultConfigurationName = Release;
		};
		FCBE97BC1B0535FB0022E22A /* Build configuration list for PBXNativeTarget "Dice RollTests" */ = {
			isa = XCConfigurationList;
			buildConfigurations = (
				FCBE97BD1B0535FB0022E22A /* Debug */,
				FCBE97BE1B0535FB0022E22A /* Release */,
			);
			defaultConfigurationIsVisible = 0;
			defaultConfigurationName = Release;
		};
/* End XCConfigurationList section */
	};
	rootObject = FCBE97921B0535FB0022E22A /* Project object */;
}
